
Microsoft Visual Studio Solution File, Format Version 12.00
# Visual Studio 15
Project("{FAE04EC0-301F-11D3-BF4B-00C04F79EFBC}") = "Assembly-CSharp", "Assembly-CSharp.csproj", "{ABE5C38A-73EE-B837-C840-27FC5986AA91}"
EndProject
Project("{FAE04EC0-301F-11D3-BF4B-00C04F79EFBC}") = "Assembly-CSharp", "Assembly-CSharp.Player.csproj", "{37FEA2C3-3799-7F6C-02C9-8909173DC284}"
EndProject
Global
	GlobalSection(SolutionConfigurationPlatforms) = preSolution
		Debug|Any CPU = Debug|Any CPU
		Release|Any CPU = Release|Any CPU
	EndGlobalSection
	GlobalSection(ProjectConfigurationPlatforms) = postSolution
		{ABE5C38A-73EE-B837-C840-27FC5986AA91}.Debug|Any CPU.ActiveCfg = Debug|Any CPU
		{ABE5C38A-73EE-B837-C840-27FC5986AA91}.Debug|Any CPU.Build.0 = Debug|Any CPU
		{ABE5C38A-73EE-B837-C840-27FC5986AA91}.Release|Any CPU.ActiveCfg = Release|Any CPU
		{ABE5C38A-73EE-B837-C840-27FC5986AA91}.Release|Any CPU.Build.0 = Release|Any CPU
		{37FEA2C3-3799-7F6C-02C9-8909173DC284}.Debug|Any CPU.ActiveCfg = Debug|Any CPU
		{37FEA2C3-3799-7F6C-02C9-8909173DC284}.Debug|Any CPU.Build.0 = Debug|Any CPU
		{37FEA2C3-3799-7F6C-02C9-8909173DC284}.Release|Any CPU.ActiveCfg = Release|Any CPU
		{37FEA2C3-3799-7F6C-02C9-8909173DC284}.Release|Any CPU.Build.0 = Release|Any CPU
	EndGlobalSection
	GlobalSection(SolutionProperties) = preSolution
		HideSolutionNode = FALSE
	EndGlobalSection
EndGlobal
